
Microsoft Visual Studio Solution File, Format Version 12.00
# Visual Studio Version 17
VisualStudioVersion = 17.11.35208.52
MinimumVisualStudioVersion = 10.0.40219.1
Project("{9A19103F-16F7-4668-BE54-9A1E7A4F7556}") = "InventorySystem", "InventorySystem.csproj", "{39548828-E1F9-4FC6-ABFA-DB03FBABA0CB}"
EndProject
Global
	GlobalSection(SolutionConfigurationPlatforms) = preSolution
		Debug|Any CPU = Debug|Any CPU
		Release|Any CPU = Release|Any CPU
	EndGlobalSection
	GlobalSection(ProjectConfigurationPlatforms) = postSolution
		{39548828-E1F9-4FC6-ABFA-DB03FBABA0CB}.Debug|Any CPU.ActiveCfg = Debug|Any CPU
		{39548828-E1F9-4FC6-ABFA-DB03FBABA0CB}.Debug|Any CPU.Build.0 = Debug|Any CPU
		{39548828-E1F9-4FC6-ABFA-DB03FBABA0CB}.Release|Any CPU.ActiveCfg = Release|Any CPU
		{39548828-E1F9-4FC6-ABFA-DB03FBABA0CB}.Release|Any CPU.Build.0 = Release|Any CPU
	EndGlobalSection
	GlobalSection(SolutionProperties) = preSolution
		HideSolutionNode = FALSE
	EndGlobalSection
	GlobalSection(ExtensibilityGlobals) = postSolution
		SolutionGuid = {3EDBF533-C336-48DB-8DAB-46EA3D4B4BB9}
	EndGlobalSection
EndGlobal
